
Microsoft Visual Studio Solution File, Format Version 12.00
# Visual Studio Version 16
VisualStudioVersion = 16.0.31729.503
MinimumVisualStudioVersion = 10.0.40219.1
Project("{FAE04EC0-301F-11D3-BF4B-00C04F79EFBC}") = "Staregy", "Staregy.csproj", "{38F6806E-780E-47E7-8226-9185855C2833}"
EndProject
Project("{FAE04EC0-301F-11D3-BF4B-00C04F79EFBC}") = "Singleton", "..\Singleton\Singleton.csproj", "{90E7991F-6381-44BB-A115-DBC0BE413C7E}"
EndProject
Project("{FAE04EC0-301F-11D3-BF4B-00C04F79EFBC}") = "Factory", "..\Factory\Factory.csproj", "{FB010B16-14CF-4261-8470-E2BE76F1F545}"
EndProject
Project("{FAE04EC0-301F-11D3-BF4B-00C04F79EFBC}") = "Prototype", "..\Prototype\Prototype.csproj", "{E1D32F33-6BE1-4219-86B2-468FE3297022}"
EndProject
Project("{FAE04EC0-301F-11D3-BF4B-00C04F79EFBC}") = "Builder", "..\Builder\Builder.csproj", "{329641BC-C165-48BD-A991-06225D501651}"
EndProject
Global
	GlobalSection(SolutionConfigurationPlatforms) = preSolution
		Debug|Any CPU = Debug|Any CPU
		Release|Any CPU = Release|Any CPU
	EndGlobalSection
	GlobalSection(ProjectConfigurationPlatforms) = postSolution
		{38F6806E-780E-47E7-8226-9185855C2833}.Debug|Any CPU.ActiveCfg = Debug|Any CPU
		{38F6806E-780E-47E7-8226-9185855C2833}.Debug|Any CPU.Build.0 = Debug|Any CPU
		{38F6806E-780E-47E7-8226-9185855C2833}.Release|Any CPU.ActiveCfg = Release|Any CPU
		{38F6806E-780E-47E7-8226-9185855C2833}.Release|Any CPU.Build.0 = Release|Any CPU
		{90E7991F-6381-44BB-A115-DBC0BE413C7E}.Debug|Any CPU.ActiveCfg = Debug|Any CPU
		{90E7991F-6381-44BB-A115-DBC0BE413C7E}.Debug|Any CPU.Build.0 = Debug|Any CPU
		{90E7991F-6381-44BB-A115-DBC0BE413C7E}.Release|Any CPU.ActiveCfg = Release|Any CPU
		{90E7991F-6381-44BB-A115-DBC0BE413C7E}.Release|Any CPU.Build.0 = Release|Any CPU
		{FB010B16-14CF-4261-8470-E2BE76F1F545}.Debug|Any CPU.ActiveCfg = Debug|Any CPU
		{FB010B16-14CF-4261-8470-E2BE76F1F545}.Debug|Any CPU.Build.0 = Debug|Any CPU
		{FB010B16-14CF-4261-8470-E2BE76F1F545}.Release|Any CPU.ActiveCfg = Release|Any CPU
		{FB010B16-14CF-4261-8470-E2BE76F1F545}.Release|Any CPU.Build.0 = Release|Any CPU
		{E1D32F33-6BE1-4219-86B2-468FE3297022}.Debug|Any CPU.ActiveCfg = Debug|Any CPU
		{E1D32F33-6BE1-4219-86B2-468FE3297022}.Debug|Any CPU.Build.0 = Debug|Any CPU
		{E1D32F33-6BE1-4219-86B2-468FE3297022}.Release|Any CPU.ActiveCfg = Release|Any CPU
		{E1D32F33-6BE1-4219-86B2-468FE3297022}.Release|Any CPU.Build.0 = Release|Any CPU
		{329641BC-C165-48BD-A991-06225D501651}.Debug|Any CPU.ActiveCfg = Debug|Any CPU
		{329641BC-C165-48BD-A991-06225D501651}.Debug|Any CPU.Build.0 = Debug|Any CPU
		{329641BC-C165-48BD-A991-06225D501651}.Release|Any CPU.ActiveCfg = Release|Any CPU
		{329641BC-C165-48BD-A991-06225D501651}.Release|Any CPU.Build.0 = Release|Any CPU
	EndGlobalSection
	GlobalSection(SolutionProperties) = preSolution
		HideSolutionNode = FALSE
	EndGlobalSection
	GlobalSection(ExtensibilityGlobals) = postSolution
		SolutionGuid = {E2F165ED-E6C6-41B4-A762-BF4DDC0FDF7A}
	EndGlobalSection
EndGlobal
