
Microsoft Visual Studio Solution File, Format Version 12.00
# Visual Studio Version 16
VisualStudioVersion = 16.0.31729.503
MinimumVisualStudioVersion = 10.0.40219.1
Project("{9A19103F-16F7-4668-BE54-9A1E7A4F7556}") = "Staregy", "Staregy\Staregy.csproj", "{A5C6BE9D-3A09-47D6-824A-F5A8126137AF}"
EndProject
Project("{9A19103F-16F7-4668-BE54-9A1E7A4F7556}") = "Singleton", "Singleton\Singleton.csproj", "{F22A47CA-6BA2-4643-9A36-5035889CE72D}"
EndProject
Project("{9A19103F-16F7-4668-BE54-9A1E7A4F7556}") = "Prototype", "Prototype\Prototype.csproj", "{D5F468CD-4B14-4E96-AF94-9E8B227022AA}"
EndProject
Project("{9A19103F-16F7-4668-BE54-9A1E7A4F7556}") = "Factory", "Factory\Factory.csproj", "{D5BF66D8-F276-4ECC-95DD-92B601DFF48C}"
EndProject
Project("{9A19103F-16F7-4668-BE54-9A1E7A4F7556}") = "Builder", "Builder\Builder.csproj", "{C9B1003B-2930-4CE2-AE68-74370E5A9C67}"
EndProject
Global
	GlobalSection(SolutionConfigurationPlatforms) = preSolution
		Debug|Any CPU = Debug|Any CPU
		Release|Any CPU = Release|Any CPU
	EndGlobalSection
	GlobalSection(ProjectConfigurationPlatforms) = postSolution
		{A5C6BE9D-3A09-47D6-824A-F5A8126137AF}.Debug|Any CPU.ActiveCfg = Debug|Any CPU
		{A5C6BE9D-3A09-47D6-824A-F5A8126137AF}.Debug|Any CPU.Build.0 = Debug|Any CPU
		{A5C6BE9D-3A09-47D6-824A-F5A8126137AF}.Release|Any CPU.ActiveCfg = Release|Any CPU
		{A5C6BE9D-3A09-47D6-824A-F5A8126137AF}.Release|Any CPU.Build.0 = Release|Any CPU
		{F22A47CA-6BA2-4643-9A36-5035889CE72D}.Debug|Any CPU.ActiveCfg = Debug|Any CPU
		{F22A47CA-6BA2-4643-9A36-5035889CE72D}.Debug|Any CPU.Build.0 = Debug|Any CPU
		{F22A47CA-6BA2-4643-9A36-5035889CE72D}.Release|Any CPU.ActiveCfg = Release|Any CPU
		{F22A47CA-6BA2-4643-9A36-5035889CE72D}.Release|Any CPU.Build.0 = Release|Any CPU
		{D5F468CD-4B14-4E96-AF94-9E8B227022AA}.Debug|Any CPU.ActiveCfg = Debug|Any CPU
		{D5F468CD-4B14-4E96-AF94-9E8B227022AA}.Debug|Any CPU.Build.0 = Debug|Any CPU
		{D5F468CD-4B14-4E96-AF94-9E8B227022AA}.Release|Any CPU.ActiveCfg = Release|Any CPU
		{D5F468CD-4B14-4E96-AF94-9E8B227022AA}.Release|Any CPU.Build.0 = Release|Any CPU
		{D5BF66D8-F276-4ECC-95DD-92B601DFF48C}.Debug|Any CPU.ActiveCfg = Debug|Any CPU
		{D5BF66D8-F276-4ECC-95DD-92B601DFF48C}.Debug|Any CPU.Build.0 = Debug|Any CPU
		{D5BF66D8-F276-4ECC-95DD-92B601DFF48C}.Release|Any CPU.ActiveCfg = Release|Any CPU
		{D5BF66D8-F276-4ECC-95DD-92B601DFF48C}.Release|Any CPU.Build.0 = Release|Any CPU
		{C9B1003B-2930-4CE2-AE68-74370E5A9C67}.Debug|Any CPU.ActiveCfg = Debug|Any CPU
		{C9B1003B-2930-4CE2-AE68-74370E5A9C67}.Debug|Any CPU.Build.0 = Debug|Any CPU
		{C9B1003B-2930-4CE2-AE68-74370E5A9C67}.Release|Any CPU.ActiveCfg = Release|Any CPU
		{C9B1003B-2930-4CE2-AE68-74370E5A9C67}.Release|Any CPU.Build.0 = Release|Any CPU
	EndGlobalSection
	GlobalSection(SolutionProperties) = preSolution
		HideSolutionNode = FALSE
	EndGlobalSection
	GlobalSection(ExtensibilityGlobals) = postSolution
		SolutionGuid = {E2F165ED-E6C6-41B4-A762-BF4DDC0FDF7A}
	EndGlobalSection
EndGlobal
